
Microsoft Visual Studio Solution File, Format Version 12.00
# Visual Studio Version 16
VisualStudioVersion = 16.0.31410.357
MinimumVisualStudioVersion = 10.0.40219.1
Project("{FAE04EC0-301F-11D3-BF4B-00C04F79EFBC}") = "Teacher_Records_System", "Teacher_Records_System\Teacher_Records_System.csproj", "{67EF2330-3184-4575-8AF7-BA899475BCE8}"
EndProject
Global
	GlobalSection(SolutionConfigurationPlatforms) = preSolution
		Debug|Any CPU = Debug|Any CPU
		Release|Any CPU = Release|Any CPU
	EndGlobalSection
	GlobalSection(ProjectConfigurationPlatforms) = postSolution
		{67EF2330-3184-4575-8AF7-BA899475BCE8}.Debug|Any CPU.ActiveCfg = Debug|Any CPU
		{67EF2330-3184-4575-8AF7-BA899475BCE8}.Debug|Any CPU.Build.0 = Debug|Any CPU
		{67EF2330-3184-4575-8AF7-BA899475BCE8}.Release|Any CPU.ActiveCfg = Release|Any CPU
		{67EF2330-3184-4575-8AF7-BA899475BCE8}.Release|Any CPU.Build.0 = Release|Any CPU
	EndGlobalSection
	GlobalSection(SolutionProperties) = preSolution
		HideSolutionNode = FALSE
	EndGlobalSection
	GlobalSection(ExtensibilityGlobals) = postSolution
		SolutionGuid = {37677E24-146D-454A-A2B8-E094989F7D17}
	EndGlobalSection
EndGlobal
